
Microsoft Visual Studio Solution File, Format Version 12.00
# Visual Studio 15
VisualStudioVersion = 15.0.27703.2018
MinimumVisualStudioVersion = 10.0.40219.1
Project("{FAE04EC0-301F-11D3-BF4B-00C04F79EFBC}") = "MyApp", "MyApp\MyApp.csproj", "{288E2140-A98C-42CF-82AA-5514ED5CECC1}"
EndProject
Global
	GlobalSection(SolutionConfigurationPlatforms) = preSolution
		Debug|Any CPU = Debug|Any CPU
		Release|Any CPU = Release|Any CPU
	EndGlobalSection
	GlobalSection(ProjectConfigurationPlatforms) = postSolution
		{288E2140-A98C-42CF-82AA-5514ED5CECC1}.Debug|Any CPU.ActiveCfg = Debug|Any CPU
		{288E2140-A98C-42CF-82AA-5514ED5CECC1}.Debug|Any CPU.Build.0 = Debug|Any CPU
		{288E2140-A98C-42CF-82AA-5514ED5CECC1}.Release|Any CPU.ActiveCfg = Release|Any CPU
		{288E2140-A98C-42CF-82AA-5514ED5CECC1}.Release|Any CPU.Build.0 = Release|Any CPU
	EndGlobalSection
	GlobalSection(SolutionProperties) = preSolution
		HideSolutionNode = FALSE
	EndGlobalSection
	GlobalSection(ExtensibilityGlobals) = postSolution
		SolutionGuid = {C5C0A687-CB70-4EAD-8216-6EC6F6BC88B0}
	EndGlobalSection
EndGlobal
